// !$*UTF8*$!
{
	archiveVersion = 1;
	classes = {
	};
	objectVersion = 46;
	objects = {

/* Begin PBXBuildFile section */
		3E222E721C464A87001A0F3E /* main.m in Sources */ = {isa = PBXBuildFile; fileRef = 3E222E711C464A87001A0F3E /* main.m */; };
		3E222E751C464A87001A0F3E /* AppDelegate.m in Sources */ = {isa = PBXBuildFile; fileRef = 3E222E741C464A87001A0F3E /* AppDelegate.m */; };
		3E222E781C464A87001A0F3E /* ViewController.m in Sources */ = {isa = PBXBuildFile; fileRef = 3E222E771C464A87001A0F3E /* ViewController.m */; };
		3E222E7B1C464A87001A0F3E /* Main.storyboard in Resources */ = {isa = PBXBuildFile; fileRef = 3E222E791C464A87001A0F3E /* Main.storyboard */; };
		3E222E7D1C464A87001A0F3E /* Assets.xcassets in Resources */ = {isa = PBXBuildFile; fileRef = 3E222E7C1C464A87001A0F3E /* Assets.xcassets */; };
		3E222E801C464A87001A0F3E /* LaunchScreen.storyboard in Resources */ = {isa = PBXBuildFile; fileRef = 3E222E7E1C464A87001A0F3E /* LaunchScreen.storyboard */; };
		3E222E8B1C464A87001A0F3E /* GCDDemoTests.m in Sources */ = {isa = PBXBuildFile; fileRef = 3E222E8A1C464A87001A0F3E /* GCDDemoTests.m */; };
		3E222E961C464A88001A0F3E /* GCDDemoUITests.m in Sources */ = {isa = PBXBuildFile; fileRef = 3E222E951C464A88001A0F3E /* GCDDemoUITests.m */; };
/* End PBXBuildFile section */

/* Begin PBXContainerItemProxy section */
		3E222E871C464A87001A0F3E /* PBXContainerItemProxy */ = {
			isa = PBXContainerItemProxy;
			containerPortal = 3E222E651C464A87001A0F3E /* Project object */;
			proxyType = 1;
			remoteGlobalIDString = 3E222E6C1C464A87001A0F3E;
			remoteInfo = GCDDemo;
		};
		3E222E921C464A88001A0F3E /* PBXContainerItemProxy */ = {
			isa = PBXContainerItemProxy;
			containerPortal = 3E222E651C464A87001A0F3E /* Project object */;
			proxyType = 1;
			remoteGlobalIDString = 3E222E6C1C464A87001A0F3E;
			remoteInfo = GCDDemo;
		};
/* End PBXContainerItemProxy section */

/* Begin PBXFileReference section */
		3E222E6D1C464A87001A0F3E /* GCDDemo.app */ = {isa = PBXFileReference; explicitFileType = wrapper.application; includeInIndex = 0; path = GCDDemo.app; sourceTree = BUILT_PRODUCTS_DIR; };
		3E222E711C464A87001A0F3E /* main.m */ = {isa = PBXFileReference; lastKnownFileType = sourcecode.c.objc; path = main.m; sourceTree = "<group>"; };
		3E222E731C464A87001A0F3E /* AppDelegate.h */ = {isa = PBXFileReference; lastKnownFileType = sourcecode.c.h; path = AppDelegate.h; sourceTree = "<group>"; };
		3E222E741C464A87001A0F3E /* AppDelegate.m */ = {isa = PBXFileReference; lastKnownFileType = sourcecode.c.objc; path = AppDelegate.m; sourceTree = "<group>"; };
		3E222E761C464A87001A0F3E /* ViewController.h */ = {isa = PBXFileReference; lastKnownFileType = sourcecode.c.h; path = ViewController.h; sourceTree = "<group>"; };
		3E222E771C464A87001A0F3E /* ViewController.m */ = {isa = PBXFileReference; lastKnownFileType = sourcecode.c.objc; path = ViewController.m; sourceTree = "<group>"; };
		3E222E7A1C464A87001A0F3E /* Base */ = {isa = PBXFileReference; lastKnownFileType = file.storyboard; name = Base; path = Base.lproj/Main.storyboard; sourceTree = "<group>"; };
		3E222E7C1C464A87001A0F3E /* Assets.xcassets */ = {isa = PBXFileReference; lastKnownFileType = folder.assetcatalog; path = Assets.xcassets; sourceTree = "<group>"; };
		3E222E7F1C464A87001A0F3E /* Base */ = {isa = PBXFileReference; lastKnownFileType = file.storyboard; name = Base; path = Base.lproj/LaunchScreen.storyboard; sourceTree = "<group>"; };
		3E222E811C464A87001A0F3E /* Info.plist */ = {isa = PBXFileReference; lastKnownFileType = text.plist.xml; path = Info.plist; sourceTree = "<group>"; };
		3E222E861C464A87001A0F3E /* GCDDemoTests.xctest */ = {isa = PBXFileReference; explicitFileType = wrapper.cfbundle; includeInIndex = 0; path = GCDDemoTests.xctest; sourceTree = BUILT_PRODUCTS_DIR; };
		3E222E8A1C464A87001A0F3E /* GCDDemoTests.m */ = {isa = PBXFileReference; lastKnownFileType = sourcecode.c.objc; path = GCDDemoTests.m; sourceTree = "<group>"; };
		3E222E8C1C464A87001A0F3E /* Info.plist */ = {isa = PBXFileReference; lastKnownFileType = text.plist.xml; path = Info.plist; sourceTree = "<group>"; };
		3E222E911C464A88001A0F3E /* GCDDemoUITests.xctest */ = {isa = PBXFileReference; explicitFileType = wrapper.cfbundle; includeInIndex = 0; path = GCDDemoUITests.xctest; sourceTree = BUILT_PRODUCTS_DIR; };
		3E222E951C464A88001A0F3E /* GCDDemoUITests.m */ = {isa = PBXFileReference; lastKnownFileType = sourcecode.c.objc; path = GCDDemoUITests.m; sourceTree = "<group>"; };
		3E222E971C464A88001A0F3E /* Info.plist */ = {isa = PBXFileReference; lastKnownFileType = text.plist.xml; path = Info.plist; sourceTree = "<group>"; };
/* End PBXFileReference section */

/* Begin PBXFrameworksBuildPhase section */
		3E222E6A1C464A87001A0F3E /* Frameworks */ = {
			isa = PBXFrameworksBuildPhase;
			buildActionMask = 2147483647;
			files = (
			);
			runOnlyForDeploymentPostprocessing = 0;
		};
		3E222E831C464A87001A0F3E /* Frameworks */ = {
			isa = PBXFrameworksBuildPhase;
			buildActionMask = 2147483647;
			files = (
			);
			runOnlyForDeploymentPostprocessing = 0;
		};
		3E222E8E1C464A88001A0F3E /* Frameworks */ = {
			isa = PBXFrameworksBuildPhase;
			buildActionMask = 2147483647;
			files = (
			);
			runOnlyForDeploymentPostprocessing = 0;
		};
/* End PBXFrameworksBuildPhase section */

/* Begin PBXGroup section */
		3E222E641C464A87001A0F3E = {
			isa = PBXGroup;
			children = (
				3E222E6F1C464A87001A0F3E /* GCDDemo */,
				3E222E891C464A87001A0F3E /* GCDDemoTests */,
				3E222E941C464A88001A0F3E /* GCDDemoUITests */,
				3E222E6E1C464A87001A0F3E /* Products */,
			);
			sourceTree = "<group>";
		};
		3E222E6E1C464A87001A0F3E /* Products */ = {
			isa = PBXGroup;
			children = (
				3E222E6D1C464A87001A0F3E /* GCDDemo.app */,
				3E222E861C464A87001A0F3E /* GCDDemoTests.xctest */,
				3E222E911C464A88001A0F3E /* GCDDemoUITests.xctest */,
			);
			name = Products;
			sourceTree = "<group>";
		};
		3E222E6F1C464A87001A0F3E /* GCDDemo */ = {
			isa = PBXGroup;
			children = (
				3E222E731C464A87001A0F3E /* AppDelegate.h */,
				3E222E741C464A87001A0F3E /* AppDelegate.m */,
				3E222E761C464A87001A0F3E /* ViewController.h */,
				3E222E771C464A87001A0F3E /* ViewController.m */,
				3E222E791C464A87001A0F3E /* Main.storyboard */,
				3E222E7C1C464A87001A0F3E /* Assets.xcassets */,
				3E222E7E1C464A87001A0F3E /* LaunchScreen.storyboard */,
				3E222E811C464A87001A0F3E /* Info.plist */,
				3E222E701C464A87001A0F3E /* Supporting Files */,
			);
			path = GCDDemo;
			sourceTree = "<group>";
		};
		3E222E701C464A87001A0F3E /* Supporting Files */ = {
			isa = PBXGroup;
			children = (
				3E222E711C464A87001A0F3E /* main.m */,
			);
			name = "Supporting Files";
			sourceTree = "<group>";
		};
		3E222E891C464A87001A0F3E /* GCDDemoTests */ = {
			isa = PBXGroup;
			children = (
				3E222E8A1C464A87001A0F3E /* GCDDemoTests.m */,
				3E222E8C1C464A87001A0F3E /* Info.plist */,
			);
			path = GCDDemoTests;
			sourceTree = "<group>";
		};
		3E222E941C464A88001A0F3E /* GCDDemoUITests */ = {
			isa = PBXGroup;
			children = (
				3E222E951C464A88001A0F3E /* GCDDemoUITests.m */,
				3E222E971C464A88001A0F3E /* Info.plist */,
			);
			path = GCDDemoUITests;
			sourceTree = "<group>";
		};
/* End PBXGroup section */

/* Begin PBXNativeTarget section */
		3E222E6C1C464A87001A0F3E /* GCDDemo */ = {
			isa = PBXNativeTarget;
			buildConfigurationList = 3E222E9A1C464A88001A0F3E /* Build configuration list for PBXNativeTarget "GCDDemo" */;
			buildPhases = (
				3E222E691C464A87001A0F3E /* Sources */,
				3E222E6A1C464A87001A0F3E /* Frameworks */,
				3E222E6B1C464A87001A0F3E /* Resources */,
			);
			buildRules = (
			);
			dependencies = (
			);
			name = GCDDemo;
			productName = GCDDemo;
			productReference = 3E222E6D1C464A87001A0F3E /* GCDDemo.app */;
			productType = "com.apple.product-type.application";
		};
		3E222E851C464A87001A0F3E /* GCDDemoTests */ = {
			isa = PBXNativeTarget;
			buildConfigurationList = 3E222E9D1C464A88001A0F3E /* Build configuration list for PBXNativeTarget "GCDDemoTests" */;
			buildPhases = (
				3E222E821C464A87001A0F3E /* Sources */,
				3E222E831C464A87001A0F3E /* Frameworks */,
				3E222E841C464A87001A0F3E /* Resources */,
			);
			buildRules = (
			);
			dependencies = (
				3E222E881C464A87001A0F3E /* PBXTargetDependency */,
			);
			name = GCDDemoTests;
			productName = GCDDemoTests;
			productReference = 3E222E861C464A87001A0F3E /* GCDDemoTests.xctest */;
			productType = "com.apple.product-type.bundle.unit-test";
		};
		3E222E901C464A88001A0F3E /* GCDDemoUITests */ = {
			isa = PBXNativeTarget;
			buildConfigurationList = 3E222EA01C464A88001A0F3E /* Build configuration list for PBXNativeTarget "GCDDemoUITests" */;
			buildPhases = (
				3E222E8D1C464A88001A0F3E /* Sources */,
				3E222E8E1C464A88001A0F3E /* Frameworks */,
				3E222E8F1C464A88001A0F3E /* Resources */,
			);
			buildRules = (
			);
			dependencies = (
				3E222E931C464A88001A0F3E /* PBXTargetDependency */,
			);
			name = GCDDemoUITests;
			productName = GCDDemoUITests;
			productReference = 3E222E911C464A88001A0F3E /* GCDDemoUITests.xctest */;
			productType = "com.apple.product-type.bundle.ui-testing";
		};
/* End PBXNativeTarget section */

/* Begin PBXProject section */
		3E222E651C464A87001A0F3E /* Project object */ = {
			isa = PBXProject;
			attributes = {
				LastUpgradeCheck = 0720;
				ORGANIZATIONNAME = Starming;
				TargetAttributes = {
					3E222E6C1C464A87001A0F3E = {
						CreatedOnToolsVersion = 7.2;
					};
					3E222E851C464A87001A0F3E = {
						CreatedOnToolsVersion = 7.2;
						TestTargetID = 3E222E6C1C464A87001A0F3E;
					};
					3E222E901C464A88001A0F3E = {
						CreatedOnToolsVersion = 7.2;
						TestTargetID = 3E222E6C1C464A87001A0F3E;
					};
				};
			};
			buildConfigurationList = 3E222E681C464A87001A0F3E /* Build configuration list for PBXProject "GCDDemo" */;
			compatibilityVersion = "Xcode 3.2";
			developmentRegion = English;
			hasScannedForEncodings = 0;
			knownRegions = (
				en,
				Base,
			);
			mainGroup = 3E222E641C464A87001A0F3E;
			productRefGroup = 3E222E6E1C464A87001A0F3E /* Products */;
			projectDirPath = "";
			projectRoot = "";
			targets = (
				3E222E6C1C464A87001A0F3E /* GCDDemo */,
				3E222E851C464A87001A0F3E /* GCDDemoTests */,
				3E222E901C464A88001A0F3E /* GCDDemoUITests */,
			);
		};
/* End PBXProject section */

/* Begin PBXResourcesBuildPhase section */
		3E222E6B1C464A87001A0F3E /* Resources */ = {
			isa = PBXResourcesBuildPhase;
			buildActionMask = 2147483647;
			files = (
				3E222E801C464A87001A0F3E /* LaunchScreen.storyboard in Resources */,
				3E222E7D1C464A87001A0F3E /* Assets.xcassets in Resources */,
				3E222E7B1C464A87001A0F3E /* Main.storyboard in Resources */,
			);
			runOnlyForDeploymentPostprocessing = 0;
		};
		3E222E841C464A87001A0F3E /* Resources */ = {
			isa = PBXResourcesBuildPhase;
			buildActionMask = 2147483647;
			files = (
			);
			runOnlyForDeploymentPostprocessing = 0;
		};
		3E222E8F1C464A88001A0F3E /* Resources */ = {
			isa = PBXResourcesBuildPhase;
			buildActionMask = 2147483647;
			files = (
			);
			runOnlyForDeploymentPostprocessing = 0;
		};
/* End PBXResourcesBuildPhase section */

/* Begin PBXSourcesBuildPhase section */
		3E222E691C464A87001A0F3E /* Sources */ = {
			isa = PBXSourcesBuildPhase;
			buildActionMask = 2147483647;
			files = (
				3E222E781C464A87001A0F3E /* ViewController.m in Sources */,
				3E222E751C464A87001A0F3E /* AppDelegate.m in Sources */,
				3E222E721C464A87001A0F3E /* main.m in Sources */,
			);
			runOnlyForDeploymentPostprocessing = 0;
		};
		3E222E821C464A87001A0F3E /* Sources */ = {
			isa = PBXSourcesBuildPhase;
			buildActionMask = 2147483647;
			files = (
				3E222E8B1C464A87001A0F3E /* GCDDemoTests.m in Sources */,
			);
			runOnlyForDeploymentPostprocessing = 0;
		};
		3E222E8D1C464A88001A0F3E /* Sources */ = {
			isa = PBXSourcesBuildPhase;
			buildActionMask = 2147483647;
			files = (
				3E222E961C464A88001A0F3E /* GCDDemoUITests.m in Sources */,
			);
			runOnlyForDeploymentPostprocessing = 0;
		};
/* End PBXSourcesBuildPhase section */

/* Begin PBXTargetDependency section */
		3E222E881C464A87001A0F3E /* PBXTargetDependency */ = {
			isa = PBXTargetDependency;
			target = 3E222E6C1C464A87001A0F3E /* GCDDemo */;
			targetProxy = 3E222E871C464A87001A0F3E /* PBXContainerItemProxy */;
		};
		3E222E931C464A88001A0F3E /* PBXTargetDependency */ = {
			isa = PBXTargetDependency;
			target = 3E222E6C1C464A87001A0F3E /* GCDDemo */;
			targetProxy = 3E222E921C464A88001A0F3E /* PBXContainerItemProxy */;
		};
/* End PBXTargetDependency section */

/* Begin PBXVariantGroup section */
		3E222E791C464A87001A0F3E /* Main.storyboard */ = {
			isa = PBXVariantGroup;
			children = (
				3E222E7A1C464A87001A0F3E /* Base */,
			);
			name = Main.storyboard;
			sourceTree = "<group>";
		};
		3E222E7E1C464A87001A0F3E /* LaunchScreen.storyboard */ = {
			isa = PBXVariantGroup;
			children = (
				3E222E7F1C464A87001A0F3E /* Base */,
			);
			name = LaunchScreen.storyboard;
			sourceTree = "<group>";
		};
/* End PBXVariantGroup section */

/* Begin XCBuildConfiguration section */
		3E222E981C464A88001A0F3E /* Debug */ = {
			isa = XCBuildConfiguration;
			buildSettings = {
				ALWAYS_SEARCH_USER_PATHS = NO;
				CLANG_CXX_LANGUAGE_STANDARD = "gnu++0x";
				CLANG_CXX_LIBRARY = "libc++";
				CLANG_ENABLE_MODULES = YES;
				CLANG_ENABLE_OBJC_ARC = YES;
				CLANG_WARN_BOOL_CONVERSION = YES;
				CLANG_WARN_CONSTANT_CONVERSION = YES;
				CLANG_WARN_DIRECT_OBJC_ISA_USAGE = YES_ERROR;
				CLANG_WARN_EMPTY_BODY = YES;
				CLANG_WARN_ENUM_CONVERSION = YES;
				CLANG_WARN_INT_CONVERSION = YES;
				CLANG_WARN_OBJC_ROOT_CLASS = YES_ERROR;
				CLANG_WARN_UNREACHABLE_CODE = YES;
				CLANG_WARN__DUPLICATE_METHOD_MATCH = YES;
				"CODE_SIGN_IDENTITY[sdk=iphoneos*]" = "iPhone Developer";
				COPY_PHASE_STRIP = NO;
				DEBUG_INFORMATION_FORMAT = dwarf;
				ENABLE_STRICT_OBJC_MSGSEND = YES;
				ENABLE_TESTABILITY = YES;
				GCC_C_LANGUAGE_STANDARD = gnu99;
				GCC_DYNAMIC_NO_PIC = NO;
				GCC_NO_COMMON_BLOCKS = YES;
				GCC_OPTIMIZATION_LEVEL = 0;
				GCC_PREPROCESSOR_DEFINITIONS = (
					"DEBUG=1",
					"$(inherited)",
				);
				GCC_WARN_64_TO_32_BIT_CONVERSION = YES;
				GCC_WARN_ABOUT_RETURN_TYPE = YES_ERROR;
				GCC_WARN_UNDECLARED_SELECTOR = YES;
				GCC_WARN_UNINITIALIZED_AUTOS = YES_AGGRESSIVE;
				GCC_WARN_UNUSED_FUNCTION = YES;
				GCC_WARN_UNUSED_VARIABLE = YES;
				IPHONEOS_DEPLOYMENT_TARGET = 9.2;
				MTL_ENABLE_DEBUG_INFO = YES;
				ONLY_ACTIVE_ARCH = YES;
				SDKROOT = iphoneos;
			};
			name = Debug;
		};
		3E222E991C464A88001A0F3E /* Release */ = {
			isa = XCBuildConfiguration;
			buildSettings = {
				ALWAYS_SEARCH_USER_PATHS = NO;
				CLANG_CXX_LANGUAGE_STANDARD = "gnu++0x";
				CLANG_CXX_LIBRARY = "libc++";
				CLANG_ENABLE_MODULES = YES;
				CLANG_ENABLE_OBJC_ARC = YES;
				CLANG_WARN_BOOL_CONVERSION = YES;
				CLANG_WARN_CONSTANT_CONVERSION = YES;
				CLANG_WARN_DIRECT_OBJC_ISA_USAGE = YES_ERROR;
				CLANG_WARN_EMPTY_BODY = YES;
				CLANG_WARN_ENUM_CONVERSION = YES;
				CLANG_WARN_INT_CONVERSION = YES;
				CLANG_WARN_OBJC_ROOT_CLASS = YES_ERROR;
				CLANG_WARN_UNREACHABLE_CODE = YES;
				CLANG_WARN__DUPLICATE_METHOD_MATCH = YES;
				"CODE_SIGN_IDENTITY[sdk=iphoneos*]" = "iPhone Developer";
				COPY_PHASE_STRIP = NO;
				DEBUG_INFORMATION_FORMAT = "dwarf-with-dsym";
				ENABLE_NS_ASSERTIONS = NO;
				ENABLE_STRICT_OBJC_MSGSEND = YES;
				GCC_C_LANGUAGE_STANDARD = gnu99;
				GCC_NO_COMMON_BLOCKS = YES;
				GCC_WARN_64_TO_32_BIT_CONVERSION = YES;
				GCC_WARN_ABOUT_RETURN_TYPE = YES_ERROR;
				GCC_WARN_UNDECLARED_SELECTOR = YES;
				GCC_WARN_UNINITIALIZED_AUTOS = YES_AGGRESSIVE;
				GCC_WARN_UNUSED_FUNCTION = YES;
				GCC_WARN_UNUSED_VARIABLE = YES;
				IPHONEOS_DEPLOYMENT_TARGET = 9.2;
				MTL_ENABLE_DEBUG_INFO = NO;
				SDKROOT = iphoneos;
				VALIDATE_PRODUCT = YES;
			};
			name = Release;
		};
		3E222E9B1C464A88001A0F3E /* Debug */ = {
			isa = XCBuildConfiguration;
			buildSettings = {
				ASSETCATALOG_COMPILER_APPICON_NAME = AppIcon;
				INFOPLIST_FILE = GCDDemo/Info.plist;
				LD_RUNPATH_SEARCH_PATHS = "$(inherited) @executable_path/Frameworks";
				PRODUCT_BUNDLE_IDENTIFIER = com.starming.GCDDemo;
				PRODUCT_NAME = "$(TARGET_NAME)";
			};
			name = Debug;
		};
		3E222E9C1C464A88001A0F3E /* Release */ = {
			isa = XCBuildConfiguration;
			buildSettings = {
				ASSETCATALOG_COMPILER_APPICON_NAME = AppIcon;
				INFOPLIST_FILE = GCDDemo/Info.plist;
				LD_RUNPATH_SEARCH_PATHS = "$(inherited) @executable_path/Frameworks";
				PRODUCT_BUNDLE_IDENTIFIER = com.starming.GCDDemo;
				PRODUCT_NAME = "$(TARGET_NAME)";
			};
			name = Release;
		};
		3E222E9E1C464A88001A0F3E /* Debug */ = {
			isa = XCBuildConfiguration;
			buildSettings = {
				BUNDLE_LOADER = "$(TEST_HOST)";
				INFOPLIST_FILE = GCDDemoTests/Info.plist;
				LD_RUNPATH_SEARCH_PATHS = "$(inherited) @executable_path/Frameworks @loader_path/Frameworks";
				PRODUCT_BUNDLE_IDENTIFIER = com.starming.GCDDemoTests;
				PRODUCT_NAME = "$(TARGET_NAME)";
				TEST_HOST = "$(BUILT_PRODUCTS_DIR)/GCDDemo.app/GCDDemo";
			};
			name = Debug;
		};
		3E222E9F1C464A88001A0F3E /* Release */ = {
			isa = XCBuildConfiguration;
			buildSettings = {
				BUNDLE_LOADER = "$(TEST_HOST)";
				INFOPLIST_FILE = GCDDemoTests/Info.plist;
				LD_RUNPATH_SEARCH_PATHS = "$(inherited) @executable_path/Frameworks @loader_path/Frameworks";
				PRODUCT_BUNDLE_IDENTIFIER = com.starming.GCDDemoTests;
				PRODUCT_NAME = "$(TARGET_NAME)";
				TEST_HOST = "$(BUILT_PRODUCTS_DIR)/GCDDemo.app/GCDDemo";
			};
			name = Release;
		};
		3E222EA11C464A88001A0F3E /* Debug */ = {
			isa = XCBuildConfiguration;
			buildSettings = {
				INFOPLIST_FILE = GCDDemoUITests/Info.plist;
				LD_RUNPATH_SEARCH_PATHS = "$(inherited) @executable_path/Frameworks @loader_path/Frameworks";
				PRODUCT_BUNDLE_IDENTIFIER = com.starming.GCDDemoUITests;
				PRODUCT_NAME = "$(TARGET_NAME)";
				TEST_TARGET_NAME = GCDDemo;
				USES_XCTRUNNER = YES;
			};
			name = Debug;
		};
		3E222EA21C464A88001A0F3E /* Release */ = {
			isa = XCBuildConfiguration;
			buildSettings = {
				INFOPLIST_FILE = GCDDemoUITests/Info.plist;
				LD_RUNPATH_SEARCH_PATHS = "$(inherited) @executable_path/Frameworks @loader_path/Frameworks";
				PRODUCT_BUNDLE_IDENTIFIER = com.starming.GCDDemoUITests;
				PRODUCT_NAME = "$(TARGET_NAME)";
				TEST_TARGET_NAME = GCDDemo;
				USES_XCTRUNNER = YES;
			};
			name = Release;
		};
/* End XCBuildConfiguration section */

/* Begin XCConfigurationList section */
		3E222E681C464A87001A0F3E /* Build configuration list for PBXProject "GCDDemo" */ = {
			isa = XCConfigurationList;
			buildConfigurations = (
				3E222E981C464A88001A0F3E /* Debug */,
				3E222E991C464A88001A0F3E /* Release */,
			);
			defaultConfigurationIsVisible = 0;
			defaultConfigurationName = Release;
		};
		3E222E9A1C464A88001A0F3E /* Build configuration list for PBXNativeTarget "GCDDemo" */ = {
			isa = XCConfigurationList;
			buildConfigurations = (
				3E222E9B1C464A88001A0F3E /* Debug */,
				3E222E9C1C464A88001A0F3E /* Release */,
			);
			defaultConfigurationIsVisible = 0;
		};
		3E222E9D1C464A88001A0F3E /* Build configuration list for PBXNativeTarget "GCDDemoTests" */ = {
			isa = XCConfigurationList;
			buildConfigurations = (
				3E222E9E1C464A88001A0F3E /* Debug */,
				3E222E9F1C464A88001A0F3E /* Release */,
			);
			defaultConfigurationIsVisible = 0;
		};
		3E222EA01C464A88001A0F3E /* Build configuration list for PBXNativeTarget "GCDDemoUITests" */ = {
			isa = XCConfigurationList;
			buildConfigurations = (
				3E222EA11C464A88001A0F3E /* Debug */,
				3E222EA21C464A88001A0F3E /* Release */,
			);
			defaultConfigurationIsVisible = 0;
		};
/* End XCConfigurationList section */
	};
	rootObject = 3E222E651C464A87001A0F3E /* Project object */;
}
